
Microsoft Visual Studio Solution File, Format Version 12.00
# Visual Studio Version 17
VisualStudioVersion = 17.6.33815.320
MinimumVisualStudioVersion = 10.0.40219.1
Project("{888888A0-9F3D-457C-B088-3A5042F75D52}") = "configurate_servers1", "configurate_servers1.pyproj", "{5CABF955-4B5F-40B1-9E64-04B058F5058E}"
EndProject
Global
	GlobalSection(SolutionConfigurationPlatforms) = preSolution
		Debug|Any CPU = Debug|Any CPU
		Release|Any CPU = Release|Any CPU
	EndGlobalSection
	GlobalSection(ProjectConfigurationPlatforms) = postSolution
		{5CABF955-4B5F-40B1-9E64-04B058F5058E}.Debug|Any CPU.ActiveCfg = Debug|Any CPU
		{5CABF955-4B5F-40B1-9E64-04B058F5058E}.Release|Any CPU.ActiveCfg = Release|Any CPU
	EndGlobalSection
	GlobalSection(SolutionProperties) = preSolution
		HideSolutionNode = FALSE
	EndGlobalSection
	GlobalSection(ExtensibilityGlobals) = postSolution
		SolutionGuid = {1941F4C8-17F3-42D3-BB12-70A1E8C7C350}
	EndGlobalSection
EndGlobal
